
Microsoft Visual Studio Solution File, Format Version 12.00
# Visual Studio Version 16
VisualStudioVersion = 16.0.30225.117
MinimumVisualStudioVersion = 10.0.40219.1
Project("{FAE04EC0-301F-11D3-BF4B-00C04F79EFBC}") = "TernaryAndLoops", "TernaryAndLoops\TernaryAndLoops.csproj", "{9E4D2856-B882-404C-B276-E225DE310FB9}"
EndProject
Project("{FAE04EC0-301F-11D3-BF4B-00C04F79EFBC}") = "Classes", "Classes\Classes.csproj", "{17AE065E-14AB-481B-9EE4-84ABF0E93A7E}"
EndProject
Global
	GlobalSection(SolutionConfigurationPlatforms) = preSolution
		Debug|Any CPU = Debug|Any CPU
		Release|Any CPU = Release|Any CPU
	EndGlobalSection
	GlobalSection(ProjectConfigurationPlatforms) = postSolution
		{9E4D2856-B882-404C-B276-E225DE310FB9}.Debug|Any CPU.ActiveCfg = Debug|Any CPU
		{9E4D2856-B882-404C-B276-E225DE310FB9}.Debug|Any CPU.Build.0 = Debug|Any CPU
		{9E4D2856-B882-404C-B276-E225DE310FB9}.Release|Any CPU.ActiveCfg = Release|Any CPU
		{9E4D2856-B882-404C-B276-E225DE310FB9}.Release|Any CPU.Build.0 = Release|Any CPU
		{17AE065E-14AB-481B-9EE4-84ABF0E93A7E}.Debug|Any CPU.ActiveCfg = Debug|Any CPU
		{17AE065E-14AB-481B-9EE4-84ABF0E93A7E}.Debug|Any CPU.Build.0 = Debug|Any CPU
		{17AE065E-14AB-481B-9EE4-84ABF0E93A7E}.Release|Any CPU.ActiveCfg = Release|Any CPU
		{17AE065E-14AB-481B-9EE4-84ABF0E93A7E}.Release|Any CPU.Build.0 = Release|Any CPU
	EndGlobalSection
	GlobalSection(SolutionProperties) = preSolution
		HideSolutionNode = FALSE
	EndGlobalSection
	GlobalSection(ExtensibilityGlobals) = postSolution
		SolutionGuid = {2A3DA2C8-B2DF-454B-BB81-07B4BF1B748C}
	EndGlobalSection
EndGlobal
